
Microsoft Visual Studio Solution File, Format Version 12.00
# Visual Studio Version 17
VisualStudioVersion = 17.7.34221.43
MinimumVisualStudioVersion = 10.0.40219.1
Project("{FAE04EC0-301F-11D3-BF4B-00C04F79EFBC}") = "url_clipboard_formatter", "url_clipboard_formatter\url_clipboard_formatter.csproj", "{4C83AD84-6FD6-4A7B-AC76-CF1EC914692A}"
EndProject
Global
	GlobalSection(SolutionConfigurationPlatforms) = preSolution
		Debug|Any CPU = Debug|Any CPU
		Release|Any CPU = Release|Any CPU
	EndGlobalSection
	GlobalSection(ProjectConfigurationPlatforms) = postSolution
		{4C83AD84-6FD6-4A7B-AC76-CF1EC914692A}.Debug|Any CPU.ActiveCfg = Debug|Any CPU
		{4C83AD84-6FD6-4A7B-AC76-CF1EC914692A}.Debug|Any CPU.Build.0 = Debug|Any CPU
		{4C83AD84-6FD6-4A7B-AC76-CF1EC914692A}.Release|Any CPU.ActiveCfg = Release|Any CPU
		{4C83AD84-6FD6-4A7B-AC76-CF1EC914692A}.Release|Any CPU.Build.0 = Release|Any CPU
	EndGlobalSection
	GlobalSection(SolutionProperties) = preSolution
		HideSolutionNode = FALSE
	EndGlobalSection
	GlobalSection(ExtensibilityGlobals) = postSolution
		SolutionGuid = {483078BA-33CB-4CE2-9CC1-E87058DAA492}
	EndGlobalSection
EndGlobal
